// !$*UTF8*$!
{
	archiveVersion = 1;
	classes = {
	};
	objectVersion = 46;
	objects = {

/* Begin PBXBuildFile section */
		303088ED1A59C231007F6552 /* main.m in Sources */ = {isa = PBXBuildFile; fileRef = 303088EC1A59C231007F6552 /* main.m */; };
		303088F01A59C231007F6552 /* AppDelegate.m in Sources */ = {isa = PBXBuildFile; fileRef = 303088EF1A59C231007F6552 /* AppDelegate.m */; };
		303088F31A59C231007F6552 /* ViewController.m in Sources */ = {isa = PBXBuildFile; fileRef = 303088F21A59C231007F6552 /* ViewController.m */; };
		303088F61A59C231007F6552 /* Main.storyboard in Resources */ = {isa = PBXBuildFile; fileRef = 303088F41A59C231007F6552 /* Main.storyboard */; };
		303088F81A59C231007F6552 /* Images.xcassets in Resources */ = {isa = PBXBuildFile; fileRef = 303088F71A59C231007F6552 /* Images.xcassets */; };
		303088FB1A59C231007F6552 /* LaunchScreen.xib in Resources */ = {isa = PBXBuildFile; fileRef = 303088F91A59C231007F6552 /* LaunchScreen.xib */; };
		303089071A59C231007F6552 /* IntroducingFunctionsTests.m in Sources */ = {isa = PBXBuildFile; fileRef = 303089061A59C231007F6552 /* IntroducingFunctionsTests.m */; };
/* End PBXBuildFile section */

/* Begin PBXContainerItemProxy section */
		303089011A59C231007F6552 /* PBXContainerItemProxy */ = {
			isa = PBXContainerItemProxy;
			containerPortal = 303088DF1A59C231007F6552 /* Project object */;
			proxyType = 1;
			remoteGlobalIDString = 303088E61A59C231007F6552;
			remoteInfo = IntroducingFunctions;
		};
/* End PBXContainerItemProxy section */

/* Begin PBXFileReference section */
		303088E71A59C231007F6552 /* IntroducingFunctions.app */ = {isa = PBXFileReference; explicitFileType = wrapper.application; includeInIndex = 0; path = IntroducingFunctions.app; sourceTree = BUILT_PRODUCTS_DIR; };
		303088EB1A59C231007F6552 /* Info.plist */ = {isa = PBXFileReference; lastKnownFileType = text.plist.xml; path = Info.plist; sourceTree = "<group>"; };
		303088EC1A59C231007F6552 /* main.m */ = {isa = PBXFileReference; lastKnownFileType = sourcecode.c.objc; path = main.m; sourceTree = "<group>"; };
		303088EE1A59C231007F6552 /* AppDelegate.h */ = {isa = PBXFileReference; lastKnownFileType = sourcecode.c.h; path = AppDelegate.h; sourceTree = "<group>"; };
		303088EF1A59C231007F6552 /* AppDelegate.m */ = {isa = PBXFileReference; lastKnownFileType = sourcecode.c.objc; path = AppDelegate.m; sourceTree = "<group>"; };
		303088F11A59C231007F6552 /* ViewController.h */ = {isa = PBXFileReference; lastKnownFileType = sourcecode.c.h; path = ViewController.h; sourceTree = "<group>"; };
		303088F21A59C231007F6552 /* ViewController.m */ = {isa = PBXFileReference; lastKnownFileType = sourcecode.c.objc; path = ViewController.m; sourceTree = "<group>"; };
		303088F51A59C231007F6552 /* Base */ = {isa = PBXFileReference; lastKnownFileType = file.storyboard; name = Base; path = Base.lproj/Main.storyboard; sourceTree = "<group>"; };
		303088F71A59C231007F6552 /* Images.xcassets */ = {isa = PBXFileReference; lastKnownFileType = folder.assetcatalog; path = Images.xcassets; sourceTree = "<group>"; };
		303088FA1A59C231007F6552 /* Base */ = {isa = PBXFileReference; lastKnownFileType = file.xib; name = Base; path = Base.lproj/LaunchScreen.xib; sourceTree = "<group>"; };
		303089001A59C231007F6552 /* IntroducingFunctionsTests.xctest */ = {isa = PBXFileReference; explicitFileType = wrapper.cfbundle; includeInIndex = 0; path = IntroducingFunctionsTests.xctest; sourceTree = BUILT_PRODUCTS_DIR; };
		303089051A59C231007F6552 /* Info.plist */ = {isa = PBXFileReference; lastKnownFileType = text.plist.xml; path = Info.plist; sourceTree = "<group>"; };
		303089061A59C231007F6552 /* IntroducingFunctionsTests.m */ = {isa = PBXFileReference; lastKnownFileType = sourcecode.c.objc; path = IntroducingFunctionsTests.m; sourceTree = "<group>"; };
/* End PBXFileReference section */

/* Begin PBXFrameworksBuildPhase section */
		303088E41A59C231007F6552 /* Frameworks */ = {
			isa = PBXFrameworksBuildPhase;
			buildActionMask = 2147483647;
			files = (
			);
			runOnlyForDeploymentPostprocessing = 0;
		};
		303088FD1A59C231007F6552 /* Frameworks */ = {
			isa = PBXFrameworksBuildPhase;
			buildActionMask = 2147483647;
			files = (
			);
			runOnlyForDeploymentPostprocessing = 0;
		};
/* End PBXFrameworksBuildPhase section */

/* Begin PBXGroup section */
		303088DE1A59C231007F6552 = {
			isa = PBXGroup;
			children = (
				303088E91A59C231007F6552 /* IntroducingFunctions */,
				303089031A59C231007F6552 /* IntroducingFunctionsTests */,
				303088E81A59C231007F6552 /* Products */,
			);
			sourceTree = "<group>";
		};
		303088E81A59C231007F6552 /* Products */ = {
			isa = PBXGroup;
			children = (
				303088E71A59C231007F6552 /* IntroducingFunctions.app */,
				303089001A59C231007F6552 /* IntroducingFunctionsTests.xctest */,
			);
			name = Products;
			sourceTree = "<group>";
		};
		303088E91A59C231007F6552 /* IntroducingFunctions */ = {
			isa = PBXGroup;
			children = (
				303088EE1A59C231007F6552 /* AppDelegate.h */,
				303088EF1A59C231007F6552 /* AppDelegate.m */,
				303088F11A59C231007F6552 /* ViewController.h */,
				303088F21A59C231007F6552 /* ViewController.m */,
				303088F41A59C231007F6552 /* Main.storyboard */,
				303088F71A59C231007F6552 /* Images.xcassets */,
				303088F91A59C231007F6552 /* LaunchScreen.xib */,
				303088EA1A59C231007F6552 /* Supporting Files */,
			);
			path = IntroducingFunctions;
			sourceTree = "<group>";
		};
		303088EA1A59C231007F6552 /* Supporting Files */ = {
			isa = PBXGroup;
			children = (
				303088EB1A59C231007F6552 /* Info.plist */,
				303088EC1A59C231007F6552 /* main.m */,
			);
			name = "Supporting Files";
			sourceTree = "<group>";
		};
		303089031A59C231007F6552 /* IntroducingFunctionsTests */ = {
			isa = PBXGroup;
			children = (
				303089061A59C231007F6552 /* IntroducingFunctionsTests.m */,
				303089041A59C231007F6552 /* Supporting Files */,
			);
			path = IntroducingFunctionsTests;
			sourceTree = "<group>";
		};
		303089041A59C231007F6552 /* Supporting Files */ = {
			isa = PBXGroup;
			children = (
				303089051A59C231007F6552 /* Info.plist */,
			);
			name = "Supporting Files";
			sourceTree = "<group>";
		};
/* End PBXGroup section */

/* Begin PBXNativeTarget section */
		303088E61A59C231007F6552 /* IntroducingFunctions */ = {
			isa = PBXNativeTarget;
			buildConfigurationList = 3030890A1A59C231007F6552 /* Build configuration list for PBXNativeTarget "IntroducingFunctions" */;
			buildPhases = (
				303088E31A59C231007F6552 /* Sources */,
				303088E41A59C231007F6552 /* Frameworks */,
				303088E51A59C231007F6552 /* Resources */,
			);
			buildRules = (
			);
			dependencies = (
			);
			name = IntroducingFunctions;
			productName = IntroducingFunctions;
			productReference = 303088E71A59C231007F6552 /* IntroducingFunctions.app */;
			productType = "com.apple.product-type.application";
		};
		303088FF1A59C231007F6552 /* IntroducingFunctionsTests */ = {
			isa = PBXNativeTarget;
			buildConfigurationList = 3030890D1A59C231007F6552 /* Build configuration list for PBXNativeTarget "IntroducingFunctionsTests" */;
			buildPhases = (
				303088FC1A59C231007F6552 /* Sources */,
				303088FD1A59C231007F6552 /* Frameworks */,
				303088FE1A59C231007F6552 /* Resources */,
			);
			buildRules = (
			);
			dependencies = (
				303089021A59C231007F6552 /* PBXTargetDependency */,
			);
			name = IntroducingFunctionsTests;
			productName = IntroducingFunctionsTests;
			productReference = 303089001A59C231007F6552 /* IntroducingFunctionsTests.xctest */;
			productType = "com.apple.product-type.bundle.unit-test";
		};
/* End PBXNativeTarget section */

/* Begin PBXProject section */
		303088DF1A59C231007F6552 /* Project object */ = {
			isa = PBXProject;
			attributes = {
				LastUpgradeCheck = 0610;
				ORGANIZATIONNAME = KSL;
				TargetAttributes = {
					303088E61A59C231007F6552 = {
						CreatedOnToolsVersion = 6.1.1;
					};
					303088FF1A59C231007F6552 = {
						CreatedOnToolsVersion = 6.1.1;
						TestTargetID = 303088E61A59C231007F6552;
					};
				};
			};
			buildConfigurationList = 303088E21A59C231007F6552 /* Build configuration list for PBXProject "IntroducingFunctions" */;
			compatibilityVersion = "Xcode 3.2";
			developmentRegion = English;
			hasScannedForEncodings = 0;
			knownRegions = (
				en,
				Base,
			);
			mainGroup = 303088DE1A59C231007F6552;
			productRefGroup = 303088E81A59C231007F6552 /* Products */;
			projectDirPath = "";
			projectRoot = "";
			targets = (
				303088E61A59C231007F6552 /* IntroducingFunctions */,
				303088FF1A59C231007F6552 /* IntroducingFunctionsTests */,
			);
		};
/* End PBXProject section */

/* Begin PBXResourcesBuildPhase section */
		303088E51A59C231007F6552 /* Resources */ = {
			isa = PBXResourcesBuildPhase;
			buildActionMask = 2147483647;
			files = (
				303088F61A59C231007F6552 /* Main.storyboard in Resources */,
				303088FB1A59C231007F6552 /* LaunchScreen.xib in Resources */,
				303088F81A59C231007F6552 /* Images.xcassets in Resources */,
			);
			runOnlyForDeploymentPostprocessing = 0;
		};
		303088FE1A59C231007F6552 /* Resources */ = {
			isa = PBXResourcesBuildPhase;
			buildActionMask = 2147483647;
			files = (
			);
			runOnlyForDeploymentPostprocessing = 0;
		};
/* End PBXResourcesBuildPhase section */

/* Begin PBXSourcesBuildPhase section */
		303088E31A59C231007F6552 /* Sources */ = {
			isa = PBXSourcesBuildPhase;
			buildActionMask = 2147483647;
			files = (
				303088F31A59C231007F6552 /* ViewController.m in Sources */,
				303088F01A59C231007F6552 /* AppDelegate.m in Sources */,
				303088ED1A59C231007F6552 /* main.m in Sources */,
			);
			runOnlyForDeploymentPostprocessing = 0;
		};
		303088FC1A59C231007F6552 /* Sources */ = {
			isa = PBXSourcesBuildPhase;
			buildActionMask = 2147483647;
			files = (
				303089071A59C231007F6552 /* IntroducingFunctionsTests.m in Sources */,
			);
			runOnlyForDeploymentPostprocessing = 0;
		};
/* End PBXSourcesBuildPhase section */

/* Begin PBXTargetDependency section */
		303089021A59C231007F6552 /* PBXTargetDependency */ = {
			isa = PBXTargetDependency;
			target = 303088E61A59C231007F6552 /* IntroducingFunctions */;
			targetProxy = 303089011A59C231007F6552 /* PBXContainerItemProxy */;
		};
/* End PBXTargetDependency section */

/* Begin PBXVariantGroup section */
		303088F41A59C231007F6552 /* Main.storyboard */ = {
			isa = PBXVariantGroup;
			children = (
				303088F51A59C231007F6552 /* Base */,
			);
			name = Main.storyboard;
			sourceTree = "<group>";
		};
		303088F91A59C231007F6552 /* LaunchScreen.xib */ = {
			isa = PBXVariantGroup;
			children = (
				303088FA1A59C231007F6552 /* Base */,
			);
			name = LaunchScreen.xib;
			sourceTree = "<group>";
		};
/* End PBXVariantGroup section */

/* Begin XCBuildConfiguration section */
		303089081A59C231007F6552 /* Debug */ = {
			isa = XCBuildConfiguration;
			buildSettings = {
				ALWAYS_SEARCH_USER_PATHS = NO;
				CLANG_CXX_LANGUAGE_STANDARD = "gnu++0x";
				CLANG_CXX_LIBRARY = "libc++";
				CLANG_ENABLE_MODULES = YES;
				CLANG_ENABLE_OBJC_ARC = YES;
				CLANG_WARN_BOOL_CONVERSION = YES;
				CLANG_WARN_CONSTANT_CONVERSION = YES;
				CLANG_WARN_DIRECT_OBJC_ISA_USAGE = YES_ERROR;
				CLANG_WARN_EMPTY_BODY = YES;
				CLANG_WARN_ENUM_CONVERSION = YES;
				CLANG_WARN_INT_CONVERSION = YES;
				CLANG_WARN_OBJC_ROOT_CLASS = YES_ERROR;
				CLANG_WARN_UNREACHABLE_CODE = YES;
				CLANG_WARN__DUPLICATE_METHOD_MATCH = YES;
				"CODE_SIGN_IDENTITY[sdk=iphoneos*]" = "iPhone Developer";
				COPY_PHASE_STRIP = NO;
				ENABLE_STRICT_OBJC_MSGSEND = YES;
				GCC_C_LANGUAGE_STANDARD = gnu99;
				GCC_DYNAMIC_NO_PIC = NO;
				GCC_OPTIMIZATION_LEVEL = 0;
				GCC_PREPROCESSOR_DEFINITIONS = (
					"DEBUG=1",
					"$(inherited)",
				);
				GCC_SYMBOLS_PRIVATE_EXTERN = NO;
				GCC_WARN_64_TO_32_BIT_CONVERSION = YES;
				GCC_WARN_ABOUT_RETURN_TYPE = YES_ERROR;
				GCC_WARN_UNDECLARED_SELECTOR = YES;
				GCC_WARN_UNINITIALIZED_AUTOS = YES_AGGRESSIVE;
				GCC_WARN_UNUSED_FUNCTION = YES;
				GCC_WARN_UNUSED_VARIABLE = YES;
				IPHONEOS_DEPLOYMENT_TARGET = 8.1;
				MTL_ENABLE_DEBUG_INFO = YES;
				ONLY_ACTIVE_ARCH = YES;
				SDKROOT = iphoneos;
			};
			name = Debug;
		};
		303089091A59C231007F6552 /* Release */ = {
			isa = XCBuildConfiguration;
			buildSettings = {
				ALWAYS_SEARCH_USER_PATHS = NO;
				CLANG_CXX_LANGUAGE_STANDARD = "gnu++0x";
				CLANG_CXX_LIBRARY = "libc++";
				CLANG_ENABLE_MODULES = YES;
				CLANG_ENABLE_OBJC_ARC = YES;
				CLANG_WARN_BOOL_CONVERSION = YES;
				CLANG_WARN_CONSTANT_CONVERSION = YES;
				CLANG_WARN_DIRECT_OBJC_ISA_USAGE = YES_ERROR;
				CLANG_WARN_EMPTY_BODY = YES;
				CLANG_WARN_ENUM_CONVERSION = YES;
				CLANG_WARN_INT_CONVERSION = YES;
				CLANG_WARN_OBJC_ROOT_CLASS = YES_ERROR;
				CLANG_WARN_UNREACHABLE_CODE = YES;
				CLANG_WARN__DUPLICATE_METHOD_MATCH = YES;
				"CODE_SIGN_IDENTITY[sdk=iphoneos*]" = "iPhone Developer";
				COPY_PHASE_STRIP = YES;
				ENABLE_NS_ASSERTIONS = NO;
				ENABLE_STRICT_OBJC_MSGSEND = YES;
				GCC_C_LANGUAGE_STANDARD = gnu99;
				GCC_WARN_64_TO_32_BIT_CONVERSION = YES;
				GCC_WARN_ABOUT_RETURN_TYPE = YES_ERROR;
				GCC_WARN_UNDECLARED_SELECTOR = YES;
				GCC_WARN_UNINITIALIZED_AUTOS = YES_AGGRESSIVE;
				GCC_WARN_UNUSED_FUNCTION = YES;
				GCC_WARN_UNUSED_VARIABLE = YES;
				IPHONEOS_DEPLOYMENT_TARGET = 8.1;
				MTL_ENABLE_DEBUG_INFO = NO;
				SDKROOT = iphoneos;
				VALIDATE_PRODUCT = YES;
			};
			name = Release;
		};
		3030890B1A59C231007F6552 /* Debug */ = {
			isa = XCBuildConfiguration;
			buildSettings = {
				ASSETCATALOG_COMPILER_APPICON_NAME = AppIcon;
				INFOPLIST_FILE = IntroducingFunctions/Info.plist;
				LD_RUNPATH_SEARCH_PATHS = "$(inherited) @executable_path/Frameworks";
				PRODUCT_NAME = "$(TARGET_NAME)";
			};
			name = Debug;
		};
		3030890C1A59C231007F6552 /* Release */ = {
			isa = XCBuildConfiguration;
			buildSettings = {
				ASSETCATALOG_COMPILER_APPICON_NAME = AppIcon;
				INFOPLIST_FILE = IntroducingFunctions/Info.plist;
				LD_RUNPATH_SEARCH_PATHS = "$(inherited) @executable_path/Frameworks";
				PRODUCT_NAME = "$(TARGET_NAME)";
			};
			name = Release;
		};
		3030890E1A59C231007F6552 /* Debug */ = {
			isa = XCBuildConfiguration;
			buildSettings = {
				BUNDLE_LOADER = "$(TEST_HOST)";
				FRAMEWORK_SEARCH_PATHS = (
					"$(SDKROOT)/Developer/Library/Frameworks",
					"$(inherited)",
				);
				GCC_PREPROCESSOR_DEFINITIONS = (
					"DEBUG=1",
					"$(inherited)",
				);
				INFOPLIST_FILE = IntroducingFunctionsTests/Info.plist;
				LD_RUNPATH_SEARCH_PATHS = "$(inherited) @executable_path/Frameworks @loader_path/Frameworks";
				PRODUCT_NAME = "$(TARGET_NAME)";
				TEST_HOST = "$(BUILT_PRODUCTS_DIR)/IntroducingFunctions.app/IntroducingFunctions";
			};
			name = Debug;
		};
		3030890F1A59C231007F6552 /* Release */ = {
			isa = XCBuildConfiguration;
			buildSettings = {
				BUNDLE_LOADER = "$(TEST_HOST)";
				FRAMEWORK_SEARCH_PATHS = (
					"$(SDKROOT)/Developer/Library/Frameworks",
					"$(inherited)",
				);
				INFOPLIST_FILE = IntroducingFunctionsTests/Info.plist;
				LD_RUNPATH_SEARCH_PATHS = "$(inherited) @executable_path/Frameworks @loader_path/Frameworks";
				PRODUCT_NAME = "$(TARGET_NAME)";
				TEST_HOST = "$(BUILT_PRODUCTS_DIR)/IntroducingFunctions.app/IntroducingFunctions";
			};
			name = Release;
		};
/* End XCBuildConfiguration section */

/* Begin XCConfigurationList section */
		303088E21A59C231007F6552 /* Build configuration list for PBXProject "IntroducingFunctions" */ = {
			isa = XCConfigurationList;
			buildConfigurations = (
				303089081A59C231007F6552 /* Debug */,
				303089091A59C231007F6552 /* Release */,
			);
			defaultConfigurationIsVisible = 0;
			defaultConfigurationName = Release;
		};
		3030890A1A59C231007F6552 /* Build configuration list for PBXNativeTarget "IntroducingFunctions" */ = {
			isa = XCConfigurationList;
			buildConfigurations = (
				3030890B1A59C231007F6552 /* Debug */,
				3030890C1A59C231007F6552 /* Release */,
			);
			defaultConfigurationIsVisible = 0;
		};
		3030890D1A59C231007F6552 /* Build configuration list for PBXNativeTarget "IntroducingFunctionsTests" */ = {
			isa = XCConfigurationList;
			buildConfigurations = (
				3030890E1A59C231007F6552 /* Debug */,
				3030890F1A59C231007F6552 /* Release */,
			);
			defaultConfigurationIsVisible = 0;
		};
/* End XCConfigurationList section */
	};
	rootObject = 303088DF1A59C231007F6552 /* Project object */;
}
